
Microsoft Visual Studio Solution File, Format Version 12.00
# Visual Studio Express 2012 for Web
Project("{FAE04EC0-301F-11D3-BF4B-00C04F79EFBC}") = "EnginesTest", "EnginesTest\EnginesTest.csproj", "{EC69F6B6-8726-4220-9A75-EE04E94BD840}"
EndProject
Global
	GlobalSection(SolutionConfigurationPlatforms) = preSolution
		Debug|Any CPU = Debug|Any CPU
		Release|Any CPU = Release|Any CPU
	EndGlobalSection
	GlobalSection(ProjectConfigurationPlatforms) = postSolution
		{EC69F6B6-8726-4220-9A75-EE04E94BD840}.Debug|Any CPU.ActiveCfg = Debug|Any CPU
		{EC69F6B6-8726-4220-9A75-EE04E94BD840}.Debug|Any CPU.Build.0 = Debug|Any CPU
		{EC69F6B6-8726-4220-9A75-EE04E94BD840}.Release|Any CPU.ActiveCfg = Release|Any CPU
		{EC69F6B6-8726-4220-9A75-EE04E94BD840}.Release|Any CPU.Build.0 = Release|Any CPU
	EndGlobalSection
	GlobalSection(SolutionProperties) = preSolution
		HideSolutionNode = FALSE
	EndGlobalSection
EndGlobal
